
Microsoft Visual Studio Solution File, Format Version 12.00
# Visual Studio Version 17
VisualStudioVersion = 17.11.35208.52
MinimumVisualStudioVersion = 10.0.40219.1
Project("{9A19103F-16F7-4668-BE54-9A1E7A4F7556}") = "Opgave12DataBindingMaui", "Opgave12DataBindingMaui\Opgave12DataBindingMaui.csproj", "{5B19D4AF-0D15-40D8-B9E3-E10FC839C20C}"
EndProject
Project("{FAE04EC0-301F-11D3-BF4B-00C04F79EFBC}") = "Opgave12.4", "Opgave12.4\Opgave12.4.csproj", "{911D9E6A-488B-412E-A651-C48399C45C0F}"
EndProject
Global
	GlobalSection(SolutionConfigurationPlatforms) = preSolution
		Debug|Any CPU = Debug|Any CPU
		Release|Any CPU = Release|Any CPU
	EndGlobalSection
	GlobalSection(ProjectConfigurationPlatforms) = postSolution
		{5B19D4AF-0D15-40D8-B9E3-E10FC839C20C}.Debug|Any CPU.ActiveCfg = Debug|Any CPU
		{5B19D4AF-0D15-40D8-B9E3-E10FC839C20C}.Debug|Any CPU.Build.0 = Debug|Any CPU
		{5B19D4AF-0D15-40D8-B9E3-E10FC839C20C}.Debug|Any CPU.Deploy.0 = Debug|Any CPU
		{5B19D4AF-0D15-40D8-B9E3-E10FC839C20C}.Release|Any CPU.ActiveCfg = Release|Any CPU
		{5B19D4AF-0D15-40D8-B9E3-E10FC839C20C}.Release|Any CPU.Build.0 = Release|Any CPU
		{5B19D4AF-0D15-40D8-B9E3-E10FC839C20C}.Release|Any CPU.Deploy.0 = Release|Any CPU
		{911D9E6A-488B-412E-A651-C48399C45C0F}.Debug|Any CPU.ActiveCfg = Debug|Any CPU
		{911D9E6A-488B-412E-A651-C48399C45C0F}.Debug|Any CPU.Build.0 = Debug|Any CPU
		{911D9E6A-488B-412E-A651-C48399C45C0F}.Debug|Any CPU.Deploy.0 = Debug|Any CPU
		{911D9E6A-488B-412E-A651-C48399C45C0F}.Release|Any CPU.ActiveCfg = Release|Any CPU
		{911D9E6A-488B-412E-A651-C48399C45C0F}.Release|Any CPU.Build.0 = Release|Any CPU
		{911D9E6A-488B-412E-A651-C48399C45C0F}.Release|Any CPU.Deploy.0 = Release|Any CPU
	EndGlobalSection
	GlobalSection(SolutionProperties) = preSolution
		HideSolutionNode = FALSE
	EndGlobalSection
	GlobalSection(ExtensibilityGlobals) = postSolution
		SolutionGuid = {4DBAB086-57A2-48BE-99A8-957ED5D09591}
	EndGlobalSection
EndGlobal
